
Microsoft Visual Studio Solution File, Format Version 12.00
# Visual Studio Version 17
VisualStudioVersion = 17.11.35222.181
MinimumVisualStudioVersion = 10.0.40219.1
Project("{FAE04EC0-301F-11D3-BF4B-00C04F79EFBC}") = "abcd", "abcd\abcd.csproj", "{34D74E82-6065-4184-A8B7-81FC3D77C0D9}"
EndProject
Global
	GlobalSection(SolutionConfigurationPlatforms) = preSolution
		Debug|Any CPU = Debug|Any CPU
		Release|Any CPU = Release|Any CPU
	EndGlobalSection
	GlobalSection(ProjectConfigurationPlatforms) = postSolution
		{34D74E82-6065-4184-A8B7-81FC3D77C0D9}.Debug|Any CPU.ActiveCfg = Debug|Any CPU
		{34D74E82-6065-4184-A8B7-81FC3D77C0D9}.Debug|Any CPU.Build.0 = Debug|Any CPU
		{34D74E82-6065-4184-A8B7-81FC3D77C0D9}.Release|Any CPU.ActiveCfg = Release|Any CPU
		{34D74E82-6065-4184-A8B7-81FC3D77C0D9}.Release|Any CPU.Build.0 = Release|Any CPU
	EndGlobalSection
	GlobalSection(SolutionProperties) = preSolution
		HideSolutionNode = FALSE
	EndGlobalSection
	GlobalSection(ExtensibilityGlobals) = postSolution
		SolutionGuid = {3428FA16-3F93-41B3-8271-06B12E768F9B}
	EndGlobalSection
EndGlobal
